
Microsoft Visual Studio Solution File, Format Version 12.00
# Visual Studio Version 17
VisualStudioVersion = 17.1.32104.313
MinimumVisualStudioVersion = 10.0.40219.1
Project("{FAE04EC0-301F-11D3-BF4B-00C04F79EFBC}") = "TestRunner", "TestRunner\TestRunner.csproj", "{2F5F6DF0-C328-443F-BE30-B13F9CAA53BE}"
EndProject
Project("{FAE04EC0-301F-11D3-BF4B-00C04F79EFBC}") = "Tests", "Tests\Tests.csproj", "{11223320-C4D8-4E6D-A37F-349A9E4C3E9D}"
EndProject
Global
	GlobalSection(SolutionConfigurationPlatforms) = preSolution
		Debug|Any CPU = Debug|Any CPU
		Release|Any CPU = Release|Any CPU
	EndGlobalSection
	GlobalSection(ProjectConfigurationPlatforms) = postSolution
		{2F5F6DF0-C328-443F-BE30-B13F9CAA53BE}.Debug|Any CPU.ActiveCfg = Debug|Any CPU
		{2F5F6DF0-C328-443F-BE30-B13F9CAA53BE}.Debug|Any CPU.Build.0 = Debug|Any CPU
		{2F5F6DF0-C328-443F-BE30-B13F9CAA53BE}.Release|Any CPU.ActiveCfg = Release|Any CPU
		{2F5F6DF0-C328-443F-BE30-B13F9CAA53BE}.Release|Any CPU.Build.0 = Release|Any CPU
		{11223320-C4D8-4E6D-A37F-349A9E4C3E9D}.Debug|Any CPU.ActiveCfg = Debug|Any CPU
		{11223320-C4D8-4E6D-A37F-349A9E4C3E9D}.Debug|Any CPU.Build.0 = Debug|Any CPU
		{11223320-C4D8-4E6D-A37F-349A9E4C3E9D}.Release|Any CPU.ActiveCfg = Release|Any CPU
		{11223320-C4D8-4E6D-A37F-349A9E4C3E9D}.Release|Any CPU.Build.0 = Release|Any CPU
	EndGlobalSection
	GlobalSection(SolutionProperties) = preSolution
		HideSolutionNode = FALSE
	EndGlobalSection
	GlobalSection(ExtensibilityGlobals) = postSolution
		SolutionGuid = {96E783DF-08FB-4E54-8829-3BA15C8CD345}
	EndGlobalSection
EndGlobal
